// !$*UTF8*$!
{
	archiveVersion = 1;
	classes = {
	};
	objectVersion = 55;
	objects = {

/* Begin PBXBuildFile section */
		ED047CC22CD56B80002EB596 /* AppDelegate.swift in Sources */ = {isa = PBXBuildFile; fileRef = ED047CC12CD56B80002EB596 /* AppDelegate.swift */; };
		ED047CC42CD56B80002EB596 /* SceneDelegate.swift in Sources */ = {isa = PBXBuildFile; fileRef = ED047CC32CD56B80002EB596 /* SceneDelegate.swift */; };
		ED047CC62CD56B80002EB596 /* ViewController.swift in Sources */ = {isa = PBXBuildFile; fileRef = ED047CC52CD56B80002EB596 /* ViewController.swift */; };
		ED047CC92CD56B80002EB596 /* Main.storyboard in Resources */ = {isa = PBXBuildFile; fileRef = ED047CC72CD56B80002EB596 /* Main.storyboard */; };
		ED047CCB2CD56B81002EB596 /* Assets.xcassets in Resources */ = {isa = PBXBuildFile; fileRef = ED047CCA2CD56B81002EB596 /* Assets.xcassets */; };
		ED047CCE2CD56B81002EB596 /* LaunchScreen.storyboard in Resources */ = {isa = PBXBuildFile; fileRef = ED047CCC2CD56B81002EB596 /* LaunchScreen.storyboard */; };
		EDAF41972CD5867F009FD470 /* Contents.json in Resources */ = {isa = PBXBuildFile; fileRef = EDAF416F2CD5867F009FD470 /* Contents.json */; };
		EDAF41982CD5867F009FD470 /* DesignSystemCellViewController.swift in Sources */ = {isa = PBXBuildFile; fileRef = EDAF41722CD5867F009FD470 /* DesignSystemCellViewController.swift */; };
		EDAF41992CD5867F009FD470 /* DesignSystemCellBuilder.swift in Sources */ = {isa = PBXBuildFile; fileRef = EDAF41732CD5867F009FD470 /* DesignSystemCellBuilder.swift */; };
		EDAF419A2CD5867F009FD470 /* ColorCell.swift in Sources */ = {isa = PBXBuildFile; fileRef = EDAF41762CD5867F009FD470 /* ColorCell.swift */; };
		EDAF419B2CD5867F009FD470 /* DesignSystemColorViewController.swift in Sources */ = {isa = PBXBuildFile; fileRef = EDAF41772CD5867F009FD470 /* DesignSystemColorViewController.swift */; };
		EDAF419C2CD5867F009FD470 /* DesignSystemSpacingViewController.swift in Sources */ = {isa = PBXBuildFile; fileRef = EDAF41792CD5867F009FD470 /* DesignSystemSpacingViewController.swift */; };
		EDAF419D2CD5867F009FD470 /* DesignSystemTypographyViewController.swift in Sources */ = {isa = PBXBuildFile; fileRef = EDAF417B2CD5867F009FD470 /* DesignSystemTypographyViewController.swift */; };
		EDAF419E2CD5867F009FD470 /* LaunchScreen.storyboard in Resources */ = {isa = PBXBuildFile; fileRef = EDAF417D2CD5867F009FD470 /* LaunchScreen.storyboard */; };
		EDAF419F2CD5867F009FD470 /* Main.storyboard in Resources */ = {isa = PBXBuildFile; fileRef = EDAF417F2CD5867F009FD470 /* Main.storyboard */; };
		EDAF41A02CD5867F009FD470 /* Assets.xcassets in Resources */ = {isa = PBXBuildFile; fileRef = EDAF41812CD5867F009FD470 /* Assets.xcassets */; };
		EDAF41A12CD5867F009FD470 /* DSSDynamicTokens.json in Resources */ = {isa = PBXBuildFile; fileRef = EDAF41842CD5867F009FD470 /* DSSDynamicTokens.json */; };
		EDAF41A22CD5867F009FD470 /* Tokens.json in Resources */ = {isa = PBXBuildFile; fileRef = EDAF41852CD5867F009FD470 /* Tokens.json */; };
		EDAF41A32CD5867F009FD470 /* DSTextCell.swift in Sources */ = {isa = PBXBuildFile; fileRef = EDAF41882CD5867F009FD470 /* DSTextCell.swift */; };
		EDAF41A42CD5867F009FD470 /* DSTextView.swift in Sources */ = {isa = PBXBuildFile; fileRef = EDAF41892CD5867F009FD470 /* DSTextView.swift */; };
		EDAF41A52CD5867F009FD470 /* DesignTokenMapper.swift in Sources */ = {isa = PBXBuildFile; fileRef = EDAF418B2CD5867F009FD470 /* DesignTokenMapper.swift */; };
		EDAF41A62CD5867F009FD470 /* ResourceLoader.swift in Sources */ = {isa = PBXBuildFile; fileRef = EDAF418C2CD5867F009FD470 /* ResourceLoader.swift */; };
		EDAF41A72CD5867F009FD470 /* DynamicColorEnum.swift in Sources */ = {isa = PBXBuildFile; fileRef = EDAF418E2CD5867F009FD470 /* DynamicColorEnum.swift */; };
		EDAF41A82CD5867F009FD470 /* DSColor.swift in Sources */ = {isa = PBXBuildFile; fileRef = EDAF418F2CD5867F009FD470 /* DSColor.swift */; };
		EDAF41A92CD5867F009FD470 /* UIColor+Extension.swift in Sources */ = {isa = PBXBuildFile; fileRef = EDAF41912CD5867F009FD470 /* UIColor+Extension.swift */; };
		EDAF41AA2CD5867F009FD470 /* UIView+Extensions.swift in Sources */ = {isa = PBXBuildFile; fileRef = EDAF41922CD5867F009FD470 /* UIView+Extensions.swift */; };
		EDAF41AB2CD5867F009FD470 /* NSNumberFormatter+Extensions.swift in Sources */ = {isa = PBXBuildFile; fileRef = EDAF41932CD5867F009FD470 /* NSNumberFormatter+Extensions.swift */; };
		EDAF41AC2CD5867F009FD470 /* Dictionary+Extensions.swift in Sources */ = {isa = PBXBuildFile; fileRef = EDAF41942CD5867F009FD470 /* Dictionary+Extensions.swift */; };
		EDAF41AD2CD5867F009FD470 /* DSSpacing.swift in Sources */ = {isa = PBXBuildFile; fileRef = EDAF41962CD5867F009FD470 /* DSSpacing.swift */; };
		EDAF41B22CD58711009FD470 /* Nunito-Black.ttf in Resources */ = {isa = PBXBuildFile; fileRef = EDAF41B12CD58711009FD470 /* Nunito-Black.ttf */; };
		EDAF41CB2CD5876D009FD470 /* Sarabun-Bold.ttf in Resources */ = {isa = PBXBuildFile; fileRef = EDAF41C12CD5876C009FD470 /* Sarabun-Bold.ttf */; };
		EDAF41CC2CD5876D009FD470 /* Sarabun-LightItalic.ttf in Resources */ = {isa = PBXBuildFile; fileRef = EDAF41C22CD5876C009FD470 /* Sarabun-LightItalic.ttf */; };
		EDAF41CD2CD5876D009FD470 /* Sarabun-Medium.ttf in Resources */ = {isa = PBXBuildFile; fileRef = EDAF41C32CD5876C009FD470 /* Sarabun-Medium.ttf */; };
		EDAF41CE2CD5876D009FD470 /* Sarabun-ExtraBoldItalic.ttf in Resources */ = {isa = PBXBuildFile; fileRef = EDAF41C42CD5876C009FD470 /* Sarabun-ExtraBoldItalic.ttf */; };
		EDAF41CF2CD5876D009FD470 /* Sarabun-BoldItalic.ttf in Resources */ = {isa = PBXBuildFile; fileRef = EDAF41C52CD5876D009FD470 /* Sarabun-BoldItalic.ttf */; };
		EDAF41D02CD5876D009FD470 /* Sarabun-Italic.ttf in Resources */ = {isa = PBXBuildFile; fileRef = EDAF41C62CD5876D009FD470 /* Sarabun-Italic.ttf */; };
		EDAF41D12CD5876D009FD470 /* Sarabun-MediumItalic.ttf in Resources */ = {isa = PBXBuildFile; fileRef = EDAF41C72CD5876D009FD470 /* Sarabun-MediumItalic.ttf */; };
		EDAF41D22CD5876D009FD470 /* Sarabun-ExtraBold.ttf in Resources */ = {isa = PBXBuildFile; fileRef = EDAF41C82CD5876D009FD470 /* Sarabun-ExtraBold.ttf */; };
		EDAF41D32CD5876D009FD470 /* Sarabun-Light.ttf in Resources */ = {isa = PBXBuildFile; fileRef = EDAF41C92CD5876D009FD470 /* Sarabun-Light.ttf */; };
		EDAF41D42CD5876D009FD470 /* Sarabun-Regular.ttf in Resources */ = {isa = PBXBuildFile; fileRef = EDAF41CA2CD5876D009FD470 /* Sarabun-Regular.ttf */; };
		EDAF41E02CD58782009FD470 /* Muli-BoldItalic.ttf in Resources */ = {isa = PBXBuildFile; fileRef = EDAF41D52CD58781009FD470 /* Muli-BoldItalic.ttf */; };
		EDAF41E12CD58782009FD470 /* Muli-Bold.ttf in Resources */ = {isa = PBXBuildFile; fileRef = EDAF41D62CD58781009FD470 /* Muli-Bold.ttf */; };
		EDAF41E22CD58782009FD470 /* Muli-Light.ttf in Resources */ = {isa = PBXBuildFile; fileRef = EDAF41D72CD58781009FD470 /* Muli-Light.ttf */; };
		EDAF41E32CD58782009FD470 /* Muli-Italic.ttf in Resources */ = {isa = PBXBuildFile; fileRef = EDAF41D82CD58781009FD470 /* Muli-Italic.ttf */; };
		EDAF41E42CD58782009FD470 /* Muli-SemiBold.ttf in Resources */ = {isa = PBXBuildFile; fileRef = EDAF41D92CD58782009FD470 /* Muli-SemiBold.ttf */; };
		EDAF41E52CD58782009FD470 /* Muli-SemiBoldItalic.ttf in Resources */ = {isa = PBXBuildFile; fileRef = EDAF41DA2CD58782009FD470 /* Muli-SemiBoldItalic.ttf */; };
		EDAF41E62CD58782009FD470 /* Muli-LightItalic.ttf in Resources */ = {isa = PBXBuildFile; fileRef = EDAF41DB2CD58782009FD470 /* Muli-LightItalic.ttf */; };
		EDAF41E72CD58782009FD470 /* Muli-ExtraBold.ttf in Resources */ = {isa = PBXBuildFile; fileRef = EDAF41DC2CD58782009FD470 /* Muli-ExtraBold.ttf */; };
		EDAF41E82CD58782009FD470 /* Muli-ExtraLight.ttf in Resources */ = {isa = PBXBuildFile; fileRef = EDAF41DD2CD58782009FD470 /* Muli-ExtraLight.ttf */; };
		EDAF41E92CD58782009FD470 /* Muli-Regular.ttf in Resources */ = {isa = PBXBuildFile; fileRef = EDAF41DE2CD58782009FD470 /* Muli-Regular.ttf */; };
		EDAF41EA2CD58782009FD470 /* Muli-ExtraLightItalic.ttf in Resources */ = {isa = PBXBuildFile; fileRef = EDAF41DF2CD58782009FD470 /* Muli-ExtraLightItalic.ttf */; };
/* End PBXBuildFile section */

/* Begin PBXContainerItemProxy section */
		ED047CD52CD56B82002EB596 /* PBXContainerItemProxy */ = {
			isa = PBXContainerItemProxy;
			containerPortal = ED047CB62CD56B7F002EB596 /* Project object */;
			proxyType = 1;
			remoteGlobalIDString = ED047CBD2CD56B7F002EB596;
			remoteInfo = DesignSystem;
		};
		ED047CDF2CD56B82002EB596 /* PBXContainerItemProxy */ = {
			isa = PBXContainerItemProxy;
			containerPortal = ED047CB62CD56B7F002EB596 /* Project object */;
			proxyType = 1;
			remoteGlobalIDString = ED047CBD2CD56B7F002EB596;
			remoteInfo = DesignSystem;
		};
/* End PBXContainerItemProxy section */

/* Begin PBXFileReference section */
		ED047CBE2CD56B80002EB596 /* DesignSystem.app */ = {isa = PBXFileReference; explicitFileType = wrapper.application; includeInIndex = 0; path = DesignSystem.app; sourceTree = BUILT_PRODUCTS_DIR; };
		ED047CC12CD56B80002EB596 /* AppDelegate.swift */ = {isa = PBXFileReference; lastKnownFileType = sourcecode.swift; path = AppDelegate.swift; sourceTree = "<group>"; };
		ED047CC32CD56B80002EB596 /* SceneDelegate.swift */ = {isa = PBXFileReference; lastKnownFileType = sourcecode.swift; path = SceneDelegate.swift; sourceTree = "<group>"; };
		ED047CC52CD56B80002EB596 /* ViewController.swift */ = {isa = PBXFileReference; lastKnownFileType = sourcecode.swift; path = ViewController.swift; sourceTree = "<group>"; };
		ED047CC82CD56B80002EB596 /* Base */ = {isa = PBXFileReference; lastKnownFileType = file.storyboard; name = Base; path = Base.lproj/Main.storyboard; sourceTree = "<group>"; };
		ED047CCA2CD56B81002EB596 /* Assets.xcassets */ = {isa = PBXFileReference; lastKnownFileType = folder.assetcatalog; path = Assets.xcassets; sourceTree = "<group>"; };
		ED047CCD2CD56B81002EB596 /* Base */ = {isa = PBXFileReference; lastKnownFileType = file.storyboard; name = Base; path = Base.lproj/LaunchScreen.storyboard; sourceTree = "<group>"; };
		ED047CCF2CD56B81002EB596 /* Info.plist */ = {isa = PBXFileReference; lastKnownFileType = text.plist.xml; path = Info.plist; sourceTree = "<group>"; };
		ED047CD42CD56B82002EB596 /* DesignSystemTests.xctest */ = {isa = PBXFileReference; explicitFileType = wrapper.cfbundle; includeInIndex = 0; path = DesignSystemTests.xctest; sourceTree = BUILT_PRODUCTS_DIR; };
		ED047CDE2CD56B82002EB596 /* DesignSystemUITests.xctest */ = {isa = PBXFileReference; explicitFileType = wrapper.cfbundle; includeInIndex = 0; path = DesignSystemUITests.xctest; sourceTree = BUILT_PRODUCTS_DIR; };
		EDAF416F2CD5867F009FD470 /* Contents.json */ = {isa = PBXFileReference; fileEncoding = 4; lastKnownFileType = text.json; path = Contents.json; sourceTree = "<group>"; };
		EDAF41722CD5867F009FD470 /* DesignSystemCellViewController.swift */ = {isa = PBXFileReference; fileEncoding = 4; lastKnownFileType = sourcecode.swift; path = DesignSystemCellViewController.swift; sourceTree = "<group>"; };
		EDAF41732CD5867F009FD470 /* DesignSystemCellBuilder.swift */ = {isa = PBXFileReference; fileEncoding = 4; lastKnownFileType = sourcecode.swift; path = DesignSystemCellBuilder.swift; sourceTree = "<group>"; };
		EDAF41762CD5867F009FD470 /* ColorCell.swift */ = {isa = PBXFileReference; fileEncoding = 4; lastKnownFileType = sourcecode.swift; path = ColorCell.swift; sourceTree = "<group>"; };
		EDAF41772CD5867F009FD470 /* DesignSystemColorViewController.swift */ = {isa = PBXFileReference; fileEncoding = 4; lastKnownFileType = sourcecode.swift; path = DesignSystemColorViewController.swift; sourceTree = "<group>"; };
		EDAF41792CD5867F009FD470 /* DesignSystemSpacingViewController.swift */ = {isa = PBXFileReference; fileEncoding = 4; lastKnownFileType = sourcecode.swift; path = DesignSystemSpacingViewController.swift; sourceTree = "<group>"; };
		EDAF417B2CD5867F009FD470 /* DesignSystemTypographyViewController.swift */ = {isa = PBXFileReference; fileEncoding = 4; lastKnownFileType = sourcecode.swift; path = DesignSystemTypographyViewController.swift; sourceTree = "<group>"; };
		EDAF417E2CD5867F009FD470 /* Base */ = {isa = PBXFileReference; lastKnownFileType = file.storyboard; name = Base; path = LaunchScreen.storyboard; sourceTree = "<group>"; };
		EDAF41802CD5867F009FD470 /* Base */ = {isa = PBXFileReference; lastKnownFileType = file.storyboard; name = Base; path = Main.storyboard; sourceTree = "<group>"; };
		EDAF41812CD5867F009FD470 /* Assets.xcassets */ = {isa = PBXFileReference; lastKnownFileType = folder.assetcatalog; path = Assets.xcassets; sourceTree = "<group>"; };
		EDAF41842CD5867F009FD470 /* DSSDynamicTokens.json */ = {isa = PBXFileReference; fileEncoding = 4; lastKnownFileType = text.json; path = DSSDynamicTokens.json; sourceTree = "<group>"; };
		EDAF41852CD5867F009FD470 /* Tokens.json */ = {isa = PBXFileReference; fileEncoding = 4; lastKnownFileType = text.json; path = Tokens.json; sourceTree = "<group>"; };
		EDAF41882CD5867F009FD470 /* DSTextCell.swift */ = {isa = PBXFileReference; fileEncoding = 4; lastKnownFileType = sourcecode.swift; path = DSTextCell.swift; sourceTree = "<group>"; };
		EDAF41892CD5867F009FD470 /* DSTextView.swift */ = {isa = PBXFileReference; fileEncoding = 4; lastKnownFileType = sourcecode.swift; path = DSTextView.swift; sourceTree = "<group>"; };
		EDAF418B2CD5867F009FD470 /* DesignTokenMapper.swift */ = {isa = PBXFileReference; fileEncoding = 4; lastKnownFileType = sourcecode.swift; path = DesignTokenMapper.swift; sourceTree = "<group>"; };
		EDAF418C2CD5867F009FD470 /* ResourceLoader.swift */ = {isa = PBXFileReference; fileEncoding = 4; lastKnownFileType = sourcecode.swift; path = ResourceLoader.swift; sourceTree = "<group>"; };
		EDAF418E2CD5867F009FD470 /* DynamicColorEnum.swift */ = {isa = PBXFileReference; fileEncoding = 4; lastKnownFileType = sourcecode.swift; path = DynamicColorEnum.swift; sourceTree = "<group>"; };
		EDAF418F2CD5867F009FD470 /* DSColor.swift */ = {isa = PBXFileReference; fileEncoding = 4; lastKnownFileType = sourcecode.swift; path = DSColor.swift; sourceTree = "<group>"; };
		EDAF41912CD5867F009FD470 /* UIColor+Extension.swift */ = {isa = PBXFileReference; fileEncoding = 4; lastKnownFileType = sourcecode.swift; path = "UIColor+Extension.swift"; sourceTree = "<group>"; };
		EDAF41922CD5867F009FD470 /* UIView+Extensions.swift */ = {isa = PBXFileReference; fileEncoding = 4; lastKnownFileType = sourcecode.swift; path = "UIView+Extensions.swift"; sourceTree = "<group>"; };
		EDAF41932CD5867F009FD470 /* NSNumberFormatter+Extensions.swift */ = {isa = PBXFileReference; fileEncoding = 4; lastKnownFileType = sourcecode.swift; path = "NSNumberFormatter+Extensions.swift"; sourceTree = "<group>"; };
		EDAF41942CD5867F009FD470 /* Dictionary+Extensions.swift */ = {isa = PBXFileReference; fileEncoding = 4; lastKnownFileType = sourcecode.swift; path = "Dictionary+Extensions.swift"; sourceTree = "<group>"; };
		EDAF41962CD5867F009FD470 /* DSSpacing.swift */ = {isa = PBXFileReference; fileEncoding = 4; lastKnownFileType = sourcecode.swift; path = DSSpacing.swift; sourceTree = "<group>"; };
		EDAF41B12CD58711009FD470 /* Nunito-Black.ttf */ = {isa = PBXFileReference; lastKnownFileType = file; path = "Nunito-Black.ttf"; sourceTree = "<group>"; };
		EDAF41B32CD5871E009FD470 /* Nunito-LightItalic.ttf */ = {isa = PBXFileReference; lastKnownFileType = file; path = "Nunito-LightItalic.ttf"; sourceTree = "<group>"; };
		EDAF41B42CD5871E009FD470 /* Nunito-BlackItalic.ttf */ = {isa = PBXFileReference; lastKnownFileType = file; path = "Nunito-BlackItalic.ttf"; sourceTree = "<group>"; };
		EDAF41B52CD5871E009FD470 /* Nunito-ExtraLightItalic.ttf */ = {isa = PBXFileReference; lastKnownFileType = file; path = "Nunito-ExtraLightItalic.ttf"; sourceTree = "<group>"; };
		EDAF41B62CD5871E009FD470 /* Nunito-SemiBold.ttf */ = {isa = PBXFileReference; lastKnownFileType = file; path = "Nunito-SemiBold.ttf"; sourceTree = "<group>"; };
		EDAF41B72CD5871E009FD470 /* Nunito-BoldItalic.ttf */ = {isa = PBXFileReference; lastKnownFileType = file; path = "Nunito-BoldItalic.ttf"; sourceTree = "<group>"; };
		EDAF41B82CD5871E009FD470 /* Nunito-ExtraBold.ttf */ = {isa = PBXFileReference; lastKnownFileType = file; path = "Nunito-ExtraBold.ttf"; sourceTree = "<group>"; };
		EDAF41B92CD5871E009FD470 /* Nunito-ExtraBoldItalic.ttf */ = {isa = PBXFileReference; lastKnownFileType = file; path = "Nunito-ExtraBoldItalic.ttf"; sourceTree = "<group>"; };
		EDAF41BB2CD5871E009FD470 /* Nunito-Regular.ttf */ = {isa = PBXFileReference; lastKnownFileType = file; path = "Nunito-Regular.ttf"; sourceTree = "<group>"; };
		EDAF41BC2CD5871E009FD470 /* Nunito-ExtraLight.ttf */ = {isa = PBXFileReference; lastKnownFileType = file; path = "Nunito-ExtraLight.ttf"; sourceTree = "<group>"; };
		EDAF41BD2CD5871E009FD470 /* Nunito-SemiBoldItalic.ttf */ = {isa = PBXFileReference; lastKnownFileType = file; path = "Nunito-SemiBoldItalic.ttf"; sourceTree = "<group>"; };
		EDAF41BE2CD5871E009FD470 /* Nunito-Bold.ttf */ = {isa = PBXFileReference; lastKnownFileType = file; path = "Nunito-Bold.ttf"; sourceTree = "<group>"; };
		EDAF41BF2CD5871F009FD470 /* Nunito-Light.ttf */ = {isa = PBXFileReference; lastKnownFileType = file; path = "Nunito-Light.ttf"; sourceTree = "<group>"; };
		EDAF41C02CD5871F009FD470 /* Nunito-Italic.ttf */ = {isa = PBXFileReference; lastKnownFileType = file; path = "Nunito-Italic.ttf"; sourceTree = "<group>"; };
		EDAF41C12CD5876C009FD470 /* Sarabun-Bold.ttf */ = {isa = PBXFileReference; lastKnownFileType = file; path = "Sarabun-Bold.ttf"; sourceTree = "<group>"; };
		EDAF41C22CD5876C009FD470 /* Sarabun-LightItalic.ttf */ = {isa = PBXFileReference; lastKnownFileType = file; path = "Sarabun-LightItalic.ttf"; sourceTree = "<group>"; };
		EDAF41C32CD5876C009FD470 /* Sarabun-Medium.ttf */ = {isa = PBXFileReference; lastKnownFileType = file; path = "Sarabun-Medium.ttf"; sourceTree = "<group>"; };
		EDAF41C42CD5876C009FD470 /* Sarabun-ExtraBoldItalic.ttf */ = {isa = PBXFileReference; lastKnownFileType = file; path = "Sarabun-ExtraBoldItalic.ttf"; sourceTree = "<group>"; };
		EDAF41C52CD5876D009FD470 /* Sarabun-BoldItalic.ttf */ = {isa = PBXFileReference; lastKnownFileType = file; path = "Sarabun-BoldItalic.ttf"; sourceTree = "<group>"; };
		EDAF41C62CD5876D009FD470 /* Sarabun-Italic.ttf */ = {isa = PBXFileReference; lastKnownFileType = file; path = "Sarabun-Italic.ttf"; sourceTree = "<group>"; };
		EDAF41C72CD5876D009FD470 /* Sarabun-MediumItalic.ttf */ = {isa = PBXFileReference; lastKnownFileType = file; path = "Sarabun-MediumItalic.ttf"; sourceTree = "<group>"; };
		EDAF41C82CD5876D009FD470 /* Sarabun-ExtraBold.ttf */ = {isa = PBXFileReference; lastKnownFileType = file; path = "Sarabun-ExtraBold.ttf"; sourceTree = "<group>"; };
		EDAF41C92CD5876D009FD470 /* Sarabun-Light.ttf */ = {isa = PBXFileReference; lastKnownFileType = file; path = "Sarabun-Light.ttf"; sourceTree = "<group>"; };
		EDAF41CA2CD5876D009FD470 /* Sarabun-Regular.ttf */ = {isa = PBXFileReference; lastKnownFileType = file; path = "Sarabun-Regular.ttf"; sourceTree = "<group>"; };
		EDAF41D52CD58781009FD470 /* Muli-BoldItalic.ttf */ = {isa = PBXFileReference; lastKnownFileType = file; path = "Muli-BoldItalic.ttf"; sourceTree = "<group>"; };
		EDAF41D62CD58781009FD470 /* Muli-Bold.ttf */ = {isa = PBXFileReference; lastKnownFileType = file; path = "Muli-Bold.ttf"; sourceTree = "<group>"; };
		EDAF41D72CD58781009FD470 /* Muli-Light.ttf */ = {isa = PBXFileReference; lastKnownFileType = file; path = "Muli-Light.ttf"; sourceTree = "<group>"; };
		EDAF41D82CD58781009FD470 /* Muli-Italic.ttf */ = {isa = PBXFileReference; lastKnownFileType = file; path = "Muli-Italic.ttf"; sourceTree = "<group>"; };
		EDAF41D92CD58782009FD470 /* Muli-SemiBold.ttf */ = {isa = PBXFileReference; lastKnownFileType = file; path = "Muli-SemiBold.ttf"; sourceTree = "<group>"; };
		EDAF41DA2CD58782009FD470 /* Muli-SemiBoldItalic.ttf */ = {isa = PBXFileReference; lastKnownFileType = file; path = "Muli-SemiBoldItalic.ttf"; sourceTree = "<group>"; };
		EDAF41DB2CD58782009FD470 /* Muli-LightItalic.ttf */ = {isa = PBXFileReference; lastKnownFileType = file; path = "Muli-LightItalic.ttf"; sourceTree = "<group>"; };
		EDAF41DC2CD58782009FD470 /* Muli-ExtraBold.ttf */ = {isa = PBXFileReference; lastKnownFileType = file; path = "Muli-ExtraBold.ttf"; sourceTree = "<group>"; };
		EDAF41DD2CD58782009FD470 /* Muli-ExtraLight.ttf */ = {isa = PBXFileReference; lastKnownFileType = file; path = "Muli-ExtraLight.ttf"; sourceTree = "<group>"; };
		EDAF41DE2CD58782009FD470 /* Muli-Regular.ttf */ = {isa = PBXFileReference; lastKnownFileType = file; path = "Muli-Regular.ttf"; sourceTree = "<group>"; };
		EDAF41DF2CD58782009FD470 /* Muli-ExtraLightItalic.ttf */ = {isa = PBXFileReference; lastKnownFileType = file; path = "Muli-ExtraLightItalic.ttf"; sourceTree = "<group>"; };
/* End PBXFileReference section */

/* Begin PBXFrameworksBuildPhase section */
		ED047CBB2CD56B7F002EB596 /* Frameworks */ = {
			isa = PBXFrameworksBuildPhase;
			buildActionMask = 2147483647;
			files = (
			);
			runOnlyForDeploymentPostprocessing = 0;
		};
		ED047CD12CD56B82002EB596 /* Frameworks */ = {
			isa = PBXFrameworksBuildPhase;
			buildActionMask = 2147483647;
			files = (
			);
			runOnlyForDeploymentPostprocessing = 0;
		};
		ED047CDB2CD56B82002EB596 /* Frameworks */ = {
			isa = PBXFrameworksBuildPhase;
			buildActionMask = 2147483647;
			files = (
			);
			runOnlyForDeploymentPostprocessing = 0;
		};
/* End PBXFrameworksBuildPhase section */

/* Begin PBXGroup section */
		ED047CB52CD56B7F002EB596 = {
			isa = PBXGroup;
			children = (
				ED047CC02CD56B80002EB596 /* DesignSystem */,
				ED047CBF2CD56B80002EB596 /* Products */,
			);
			sourceTree = "<group>";
		};
		ED047CBF2CD56B80002EB596 /* Products */ = {
			isa = PBXGroup;
			children = (
				ED047CBE2CD56B80002EB596 /* DesignSystem.app */,
				ED047CD42CD56B82002EB596 /* DesignSystemTests.xctest */,
				ED047CDE2CD56B82002EB596 /* DesignSystemUITests.xctest */,
			);
			name = Products;
			sourceTree = "<group>";
		};
		ED047CC02CD56B80002EB596 /* DesignSystem */ = {
			isa = PBXGroup;
			children = (
				EDAF41812CD5867F009FD470 /* Assets.xcassets */,
				EDAF417C2CD5867F009FD470 /* Base.lproj */,
				EDAF416F2CD5867F009FD470 /* Contents.json */,
				EDAF41702CD5867F009FD470 /* Controllers */,
				EDAF41822CD5867F009FD470 /* Resources */,
				EDAF41862CD5867F009FD470 /* Sources */,
				ED047CC12CD56B80002EB596 /* AppDelegate.swift */,
				ED047CC32CD56B80002EB596 /* SceneDelegate.swift */,
				ED047CC52CD56B80002EB596 /* ViewController.swift */,
				ED047CC72CD56B80002EB596 /* Main.storyboard */,
				ED047CCA2CD56B81002EB596 /* Assets.xcassets */,
				ED047CCC2CD56B81002EB596 /* LaunchScreen.storyboard */,
				ED047CCF2CD56B81002EB596 /* Info.plist */,
			);
			path = DesignSystem;
			sourceTree = "<group>";
		};
		EDAF41702CD5867F009FD470 /* Controllers */ = {
			isa = PBXGroup;
			children = (
				EDAF41712CD5867F009FD470 /* Cell */,
				EDAF41742CD5867F009FD470 /* Colors */,
				EDAF41782CD5867F009FD470 /* Spacing */,
				EDAF417A2CD5867F009FD470 /* Typography */,
			);
			path = Controllers;
			sourceTree = "<group>";
		};
		EDAF41712CD5867F009FD470 /* Cell */ = {
			isa = PBXGroup;
			children = (
				EDAF41722CD5867F009FD470 /* DesignSystemCellViewController.swift */,
				EDAF41732CD5867F009FD470 /* DesignSystemCellBuilder.swift */,
			);
			path = Cell;
			sourceTree = "<group>";
		};
		EDAF41742CD5867F009FD470 /* Colors */ = {
			isa = PBXGroup;
			children = (
				EDAF41752CD5867F009FD470 /* Cells */,
				EDAF41772CD5867F009FD470 /* DesignSystemColorViewController.swift */,
			);
			path = Colors;
			sourceTree = "<group>";
		};
		EDAF41752CD5867F009FD470 /* Cells */ = {
			isa = PBXGroup;
			children = (
				EDAF41762CD5867F009FD470 /* ColorCell.swift */,
			);
			path = Cells;
			sourceTree = "<group>";
		};
		EDAF41782CD5867F009FD470 /* Spacing */ = {
			isa = PBXGroup;
			children = (
				EDAF41792CD5867F009FD470 /* DesignSystemSpacingViewController.swift */,
			);
			path = Spacing;
			sourceTree = "<group>";
		};
		EDAF417A2CD5867F009FD470 /* Typography */ = {
			isa = PBXGroup;
			children = (
				EDAF417B2CD5867F009FD470 /* DesignSystemTypographyViewController.swift */,
			);
			path = Typography;
			sourceTree = "<group>";
		};
		EDAF417C2CD5867F009FD470 /* Base.lproj */ = {
			isa = PBXGroup;
			children = (
				EDAF417D2CD5867F009FD470 /* LaunchScreen.storyboard */,
				EDAF417F2CD5867F009FD470 /* Main.storyboard */,
			);
			path = Base.lproj;
			sourceTree = "<group>";
		};
		EDAF41822CD5867F009FD470 /* Resources */ = {
			isa = PBXGroup;
			children = (
				EDAF41B02CD586EA009FD470 /* Muli */,
				EDAF41AF2CD586DF009FD470 /* Sarabun */,
				EDAF41AE2CD586D5009FD470 /* Nunito */,
				EDAF41832CD5867F009FD470 /* DS */,
				EDAF41852CD5867F009FD470 /* Tokens.json */,
			);
			path = Resources;
			sourceTree = "<group>";
		};
		EDAF41832CD5867F009FD470 /* DS */ = {
			isa = PBXGroup;
			children = (
				EDAF41842CD5867F009FD470 /* DSSDynamicTokens.json */,
			);
			path = DS;
			sourceTree = "<group>";
		};
		EDAF41862CD5867F009FD470 /* Sources */ = {
			isa = PBXGroup;
			children = (
				EDAF41872CD5867F009FD470 /* Cells */,
				EDAF418A2CD5867F009FD470 /* Config */,
				EDAF418D2CD5867F009FD470 /* Color */,
				EDAF41902CD5867F009FD470 /* Extensions */,
				EDAF41952CD5867F009FD470 /* Spacing */,
			);
			path = Sources;
			sourceTree = "<group>";
		};
		EDAF41872CD5867F009FD470 /* Cells */ = {
			isa = PBXGroup;
			children = (
				EDAF41882CD5867F009FD470 /* DSTextCell.swift */,
				EDAF41892CD5867F009FD470 /* DSTextView.swift */,
			);
			path = Cells;
			sourceTree = "<group>";
		};
		EDAF418A2CD5867F009FD470 /* Config */ = {
			isa = PBXGroup;
			children = (
				EDAF418B2CD5867F009FD470 /* DesignTokenMapper.swift */,
				EDAF418C2CD5867F009FD470 /* ResourceLoader.swift */,
			);
			path = Config;
			sourceTree = "<group>";
		};
		EDAF418D2CD5867F009FD470 /* Color */ = {
			isa = PBXGroup;
			children = (
				EDAF418E2CD5867F009FD470 /* DynamicColorEnum.swift */,
				EDAF418F2CD5867F009FD470 /* DSColor.swift */,
			);
			path = Color;
			sourceTree = "<group>";
		};
		EDAF41902CD5867F009FD470 /* Extensions */ = {
			isa = PBXGroup;
			children = (
				EDAF41912CD5867F009FD470 /* UIColor+Extension.swift */,
				EDAF41922CD5867F009FD470 /* UIView+Extensions.swift */,
				EDAF41932CD5867F009FD470 /* NSNumberFormatter+Extensions.swift */,
				EDAF41942CD5867F009FD470 /* Dictionary+Extensions.swift */,
			);
			path = Extensions;
			sourceTree = "<group>";
		};
		EDAF41952CD5867F009FD470 /* Spacing */ = {
			isa = PBXGroup;
			children = (
				EDAF41962CD5867F009FD470 /* DSSpacing.swift */,
			);
			path = Spacing;
			sourceTree = "<group>";
		};
		EDAF41AE2CD586D5009FD470 /* Nunito */ = {
			isa = PBXGroup;
			children = (
				EDAF41B42CD5871E009FD470 /* Nunito-BlackItalic.ttf */,
				EDAF41BE2CD5871E009FD470 /* Nunito-Bold.ttf */,
				EDAF41B72CD5871E009FD470 /* Nunito-BoldItalic.ttf */,
				EDAF41B82CD5871E009FD470 /* Nunito-ExtraBold.ttf */,
				EDAF41B92CD5871E009FD470 /* Nunito-ExtraBoldItalic.ttf */,
				EDAF41BC2CD5871E009FD470 /* Nunito-ExtraLight.ttf */,
				EDAF41B52CD5871E009FD470 /* Nunito-ExtraLightItalic.ttf */,
				EDAF41C02CD5871F009FD470 /* Nunito-Italic.ttf */,
				EDAF41BF2CD5871F009FD470 /* Nunito-Light.ttf */,
				EDAF41B32CD5871E009FD470 /* Nunito-LightItalic.ttf */,
				EDAF41BB2CD5871E009FD470 /* Nunito-Regular.ttf */,
				EDAF41B62CD5871E009FD470 /* Nunito-SemiBold.ttf */,
				EDAF41BD2CD5871E009FD470 /* Nunito-SemiBoldItalic.ttf */,
				EDAF41B12CD58711009FD470 /* Nunito-Black.ttf */,
			);
			path = Nunito;
			sourceTree = "<group>";
		};
		EDAF41AF2CD586DF009FD470 /* Sarabun */ = {
			isa = PBXGroup;
			children = (
				EDAF41C12CD5876C009FD470 /* Sarabun-Bold.ttf */,
				EDAF41C52CD5876D009FD470 /* Sarabun-BoldItalic.ttf */,
				EDAF41C82CD5876D009FD470 /* Sarabun-ExtraBold.ttf */,
				EDAF41C42CD5876C009FD470 /* Sarabun-ExtraBoldItalic.ttf */,
				EDAF41C62CD5876D009FD470 /* Sarabun-Italic.ttf */,
				EDAF41C92CD5876D009FD470 /* Sarabun-Light.ttf */,
				EDAF41C22CD5876C009FD470 /* Sarabun-LightItalic.ttf */,
				EDAF41C32CD5876C009FD470 /* Sarabun-Medium.ttf */,
				EDAF41C72CD5876D009FD470 /* Sarabun-MediumItalic.ttf */,
				EDAF41CA2CD5876D009FD470 /* Sarabun-Regular.ttf */,
			);
			path = Sarabun;
			sourceTree = "<group>";
		};
		EDAF41B02CD586EA009FD470 /* Muli */ = {
			isa = PBXGroup;
			children = (
				EDAF41D62CD58781009FD470 /* Muli-Bold.ttf */,
				EDAF41D52CD58781009FD470 /* Muli-BoldItalic.ttf */,
				EDAF41DC2CD58782009FD470 /* Muli-ExtraBold.ttf */,
				EDAF41DD2CD58782009FD470 /* Muli-ExtraLight.ttf */,
				EDAF41DF2CD58782009FD470 /* Muli-ExtraLightItalic.ttf */,
				EDAF41D82CD58781009FD470 /* Muli-Italic.ttf */,
				EDAF41D72CD58781009FD470 /* Muli-Light.ttf */,
				EDAF41DB2CD58782009FD470 /* Muli-LightItalic.ttf */,
				EDAF41DE2CD58782009FD470 /* Muli-Regular.ttf */,
				EDAF41D92CD58782009FD470 /* Muli-SemiBold.ttf */,
				EDAF41DA2CD58782009FD470 /* Muli-SemiBoldItalic.ttf */,
			);
			path = Muli;
			sourceTree = "<group>";
		};
/* End PBXGroup section */

/* Begin PBXNativeTarget section */
		ED047CBD2CD56B7F002EB596 /* DesignSystem */ = {
			isa = PBXNativeTarget;
			buildConfigurationList = ED047CE82CD56B82002EB596 /* Build configuration list for PBXNativeTarget "DesignSystem" */;
			buildPhases = (
				ED047CBA2CD56B7F002EB596 /* Sources */,
				ED047CBB2CD56B7F002EB596 /* Frameworks */,
				ED047CBC2CD56B7F002EB596 /* Resources */,
			);
			buildRules = (
			);
			dependencies = (
			);
			name = DesignSystem;
			productName = DesignSystem;
			productReference = ED047CBE2CD56B80002EB596 /* DesignSystem.app */;
			productType = "com.apple.product-type.application";
		};
		ED047CD32CD56B82002EB596 /* DesignSystemTests */ = {
			isa = PBXNativeTarget;
			buildConfigurationList = ED047CEB2CD56B82002EB596 /* Build configuration list for PBXNativeTarget "DesignSystemTests" */;
			buildPhases = (
				ED047CD02CD56B82002EB596 /* Sources */,
				ED047CD12CD56B82002EB596 /* Frameworks */,
				ED047CD22CD56B82002EB596 /* Resources */,
			);
			buildRules = (
			);
			dependencies = (
				ED047CD62CD56B82002EB596 /* PBXTargetDependency */,
			);
			name = DesignSystemTests;
			productName = DesignSystemTests;
			productReference = ED047CD42CD56B82002EB596 /* DesignSystemTests.xctest */;
			productType = "com.apple.product-type.bundle.unit-test";
		};
		ED047CDD2CD56B82002EB596 /* DesignSystemUITests */ = {
			isa = PBXNativeTarget;
			buildConfigurationList = ED047CEE2CD56B82002EB596 /* Build configuration list for PBXNativeTarget "DesignSystemUITests" */;
			buildPhases = (
				ED047CDA2CD56B82002EB596 /* Sources */,
				ED047CDB2CD56B82002EB596 /* Frameworks */,
				ED047CDC2CD56B82002EB596 /* Resources */,
			);
			buildRules = (
			);
			dependencies = (
				ED047CE02CD56B82002EB596 /* PBXTargetDependency */,
			);
			name = DesignSystemUITests;
			productName = DesignSystemUITests;
			productReference = ED047CDE2CD56B82002EB596 /* DesignSystemUITests.xctest */;
			productType = "com.apple.product-type.bundle.ui-testing";
		};
/* End PBXNativeTarget section */

/* Begin PBXProject section */
		ED047CB62CD56B7F002EB596 /* Project object */ = {
			isa = PBXProject;
			attributes = {
				BuildIndependentTargetsInParallel = 1;
				LastSwiftUpdateCheck = 1320;
				LastUpgradeCheck = 1320;
				TargetAttributes = {
					ED047CBD2CD56B7F002EB596 = {
						CreatedOnToolsVersion = 13.2.1;
					};
					ED047CD32CD56B82002EB596 = {
						CreatedOnToolsVersion = 13.2.1;
						TestTargetID = ED047CBD2CD56B7F002EB596;
					};
					ED047CDD2CD56B82002EB596 = {
						CreatedOnToolsVersion = 13.2.1;
						TestTargetID = ED047CBD2CD56B7F002EB596;
					};
				};
			};
			buildConfigurationList = ED047CB92CD56B7F002EB596 /* Build configuration list for PBXProject "DesignSystem" */;
			compatibilityVersion = "Xcode 13.0";
			developmentRegion = en;
			hasScannedForEncodings = 0;
			knownRegions = (
				en,
				Base,
			);
			mainGroup = ED047CB52CD56B7F002EB596;
			productRefGroup = ED047CBF2CD56B80002EB596 /* Products */;
			projectDirPath = "";
			projectRoot = "";
			targets = (
				ED047CBD2CD56B7F002EB596 /* DesignSystem */,
				ED047CD32CD56B82002EB596 /* DesignSystemTests */,
				ED047CDD2CD56B82002EB596 /* DesignSystemUITests */,
			);
		};
/* End PBXProject section */

/* Begin PBXResourcesBuildPhase section */
		ED047CBC2CD56B7F002EB596 /* Resources */ = {
			isa = PBXResourcesBuildPhase;
			buildActionMask = 2147483647;
			files = (
				EDAF41A12CD5867F009FD470 /* DSSDynamicTokens.json in Resources */,
				EDAF41B22CD58711009FD470 /* Nunito-Black.ttf in Resources */,
				EDAF41CD2CD5876D009FD470 /* Sarabun-Medium.ttf in Resources */,
				EDAF41CB2CD5876D009FD470 /* Sarabun-Bold.ttf in Resources */,
				ED047CCE2CD56B81002EB596 /* LaunchScreen.storyboard in Resources */,
				ED047CCB2CD56B81002EB596 /* Assets.xcassets in Resources */,
				EDAF41A22CD5867F009FD470 /* Tokens.json in Resources */,
				EDAF41D22CD5876D009FD470 /* Sarabun-ExtraBold.ttf in Resources */,
				EDAF41E12CD58782009FD470 /* Muli-Bold.ttf in Resources */,
				EDAF41E42CD58782009FD470 /* Muli-SemiBold.ttf in Resources */,
				ED047CC92CD56B80002EB596 /* Main.storyboard in Resources */,
				EDAF41E62CD58782009FD470 /* Muli-LightItalic.ttf in Resources */,
				EDAF419F2CD5867F009FD470 /* Main.storyboard in Resources */,
				EDAF41E52CD58782009FD470 /* Muli-SemiBoldItalic.ttf in Resources */,
				EDAF41A02CD5867F009FD470 /* Assets.xcassets in Resources */,
				EDAF41D32CD5876D009FD470 /* Sarabun-Light.ttf in Resources */,
				EDAF41E32CD58782009FD470 /* Muli-Italic.ttf in Resources */,
				EDAF41D12CD5876D009FD470 /* Sarabun-MediumItalic.ttf in Resources */,
				EDAF41E92CD58782009FD470 /* Muli-Regular.ttf in Resources */,
				EDAF41E22CD58782009FD470 /* Muli-Light.ttf in Resources */,
				EDAF419E2CD5867F009FD470 /* LaunchScreen.storyboard in Resources */,
				EDAF41CE2CD5876D009FD470 /* Sarabun-ExtraBoldItalic.ttf in Resources */,
				EDAF41CC2CD5876D009FD470 /* Sarabun-LightItalic.ttf in Resources */,
				EDAF41E82CD58782009FD470 /* Muli-ExtraLight.ttf in Resources */,
				EDAF41D02CD5876D009FD470 /* Sarabun-Italic.ttf in Resources */,
				EDAF41972CD5867F009FD470 /* Contents.json in Resources */,
				EDAF41EA2CD58782009FD470 /* Muli-ExtraLightItalic.ttf in Resources */,
				EDAF41E02CD58782009FD470 /* Muli-BoldItalic.ttf in Resources */,
				EDAF41D42CD5876D009FD470 /* Sarabun-Regular.ttf in Resources */,
				EDAF41CF2CD5876D009FD470 /* Sarabun-BoldItalic.ttf in Resources */,
				EDAF41E72CD58782009FD470 /* Muli-ExtraBold.ttf in Resources */,
			);
			runOnlyForDeploymentPostprocessing = 0;
		};
		ED047CD22CD56B82002EB596 /* Resources */ = {
			isa = PBXResourcesBuildPhase;
			buildActionMask = 2147483647;
			files = (
			);
			runOnlyForDeploymentPostprocessing = 0;
		};
		ED047CDC2CD56B82002EB596 /* Resources */ = {
			isa = PBXResourcesBuildPhase;
			buildActionMask = 2147483647;
			files = (
			);
			runOnlyForDeploymentPostprocessing = 0;
		};
/* End PBXResourcesBuildPhase section */

/* Begin PBXSourcesBuildPhase section */
		ED047CBA2CD56B7F002EB596 /* Sources */ = {
			isa = PBXSourcesBuildPhase;
			buildActionMask = 2147483647;
			files = (
				EDAF41A72CD5867F009FD470 /* DynamicColorEnum.swift in Sources */,
				ED047CC62CD56B80002EB596 /* ViewController.swift in Sources */,
				EDAF41A82CD5867F009FD470 /* DSColor.swift in Sources */,
				EDAF41992CD5867F009FD470 /* DesignSystemCellBuilder.swift in Sources */,
				EDAF41982CD5867F009FD470 /* DesignSystemCellViewController.swift in Sources */,
				EDAF41A42CD5867F009FD470 /* DSTextView.swift in Sources */,
				EDAF41AA2CD5867F009FD470 /* UIView+Extensions.swift in Sources */,
				ED047CC22CD56B80002EB596 /* AppDelegate.swift in Sources */,
				EDAF41AC2CD5867F009FD470 /* Dictionary+Extensions.swift in Sources */,
				EDAF41A92CD5867F009FD470 /* UIColor+Extension.swift in Sources */,
				ED047CC42CD56B80002EB596 /* SceneDelegate.swift in Sources */,
				EDAF41A52CD5867F009FD470 /* DesignTokenMapper.swift in Sources */,
				EDAF419C2CD5867F009FD470 /* DesignSystemSpacingViewController.swift in Sources */,
				EDAF41A62CD5867F009FD470 /* ResourceLoader.swift in Sources */,
				EDAF41AD2CD5867F009FD470 /* DSSpacing.swift in Sources */,
				EDAF419B2CD5867F009FD470 /* DesignSystemColorViewController.swift in Sources */,
				EDAF41AB2CD5867F009FD470 /* NSNumberFormatter+Extensions.swift in Sources */,
				EDAF41A32CD5867F009FD470 /* DSTextCell.swift in Sources */,
				EDAF419D2CD5867F009FD470 /* DesignSystemTypographyViewController.swift in Sources */,
				EDAF419A2CD5867F009FD470 /* ColorCell.swift in Sources */,
			);
			runOnlyForDeploymentPostprocessing = 0;
		};
		ED047CD02CD56B82002EB596 /* Sources */ = {
			isa = PBXSourcesBuildPhase;
			buildActionMask = 2147483647;
			files = (
			);
			runOnlyForDeploymentPostprocessing = 0;
		};
		ED047CDA2CD56B82002EB596 /* Sources */ = {
			isa = PBXSourcesBuildPhase;
			buildActionMask = 2147483647;
			files = (
			);
			runOnlyForDeploymentPostprocessing = 0;
		};
/* End PBXSourcesBuildPhase section */

/* Begin PBXTargetDependency section */
		ED047CD62CD56B82002EB596 /* PBXTargetDependency */ = {
			isa = PBXTargetDependency;
			target = ED047CBD2CD56B7F002EB596 /* DesignSystem */;
			targetProxy = ED047CD52CD56B82002EB596 /* PBXContainerItemProxy */;
		};
		ED047CE02CD56B82002EB596 /* PBXTargetDependency */ = {
			isa = PBXTargetDependency;
			target = ED047CBD2CD56B7F002EB596 /* DesignSystem */;
			targetProxy = ED047CDF2CD56B82002EB596 /* PBXContainerItemProxy */;
		};
/* End PBXTargetDependency section */

/* Begin PBXVariantGroup section */
		ED047CC72CD56B80002EB596 /* Main.storyboard */ = {
			isa = PBXVariantGroup;
			children = (
				ED047CC82CD56B80002EB596 /* Base */,
			);
			name = Main.storyboard;
			sourceTree = "<group>";
		};
		ED047CCC2CD56B81002EB596 /* LaunchScreen.storyboard */ = {
			isa = PBXVariantGroup;
			children = (
				ED047CCD2CD56B81002EB596 /* Base */,
			);
			name = LaunchScreen.storyboard;
			sourceTree = "<group>";
		};
		EDAF417D2CD5867F009FD470 /* LaunchScreen.storyboard */ = {
			isa = PBXVariantGroup;
			children = (
				EDAF417E2CD5867F009FD470 /* Base */,
			);
			name = LaunchScreen.storyboard;
			sourceTree = "<group>";
		};
		EDAF417F2CD5867F009FD470 /* Main.storyboard */ = {
			isa = PBXVariantGroup;
			children = (
				EDAF41802CD5867F009FD470 /* Base */,
			);
			name = Main.storyboard;
			sourceTree = "<group>";
		};
/* End PBXVariantGroup section */

/* Begin XCBuildConfiguration section */
		ED047CE62CD56B82002EB596 /* Debug */ = {
			isa = XCBuildConfiguration;
			buildSettings = {
				ALWAYS_SEARCH_USER_PATHS = NO;
				CLANG_ANALYZER_NONNULL = YES;
				CLANG_ANALYZER_NUMBER_OBJECT_CONVERSION = YES_AGGRESSIVE;
				CLANG_CXX_LANGUAGE_STANDARD = "gnu++17";
				CLANG_CXX_LIBRARY = "libc++";
				CLANG_ENABLE_MODULES = YES;
				CLANG_ENABLE_OBJC_ARC = YES;
				CLANG_ENABLE_OBJC_WEAK = YES;
				CLANG_WARN_BLOCK_CAPTURE_AUTORELEASING = YES;
				CLANG_WARN_BOOL_CONVERSION = YES;
				CLANG_WARN_COMMA = YES;
				CLANG_WARN_CONSTANT_CONVERSION = YES;
				CLANG_WARN_DEPRECATED_OBJC_IMPLEMENTATIONS = YES;
				CLANG_WARN_DIRECT_OBJC_ISA_USAGE = YES_ERROR;
				CLANG_WARN_DOCUMENTATION_COMMENTS = YES;
				CLANG_WARN_EMPTY_BODY = YES;
				CLANG_WARN_ENUM_CONVERSION = YES;
				CLANG_WARN_INFINITE_RECURSION = YES;
				CLANG_WARN_INT_CONVERSION = YES;
				CLANG_WARN_NON_LITERAL_NULL_CONVERSION = YES;
				CLANG_WARN_OBJC_IMPLICIT_RETAIN_SELF = YES;
				CLANG_WARN_OBJC_LITERAL_CONVERSION = YES;
				CLANG_WARN_OBJC_ROOT_CLASS = YES_ERROR;
				CLANG_WARN_QUOTED_INCLUDE_IN_FRAMEWORK_HEADER = YES;
				CLANG_WARN_RANGE_LOOP_ANALYSIS = YES;
				CLANG_WARN_STRICT_PROTOTYPES = YES;
				CLANG_WARN_SUSPICIOUS_MOVE = YES;
				CLANG_WARN_UNGUARDED_AVAILABILITY = YES_AGGRESSIVE;
				CLANG_WARN_UNREACHABLE_CODE = YES;
				CLANG_WARN__DUPLICATE_METHOD_MATCH = YES;
				COPY_PHASE_STRIP = NO;
				DEBUG_INFORMATION_FORMAT = dwarf;
				ENABLE_STRICT_OBJC_MSGSEND = YES;
				ENABLE_TESTABILITY = YES;
				GCC_C_LANGUAGE_STANDARD = gnu11;
				GCC_DYNAMIC_NO_PIC = NO;
				GCC_NO_COMMON_BLOCKS = YES;
				GCC_OPTIMIZATION_LEVEL = 0;
				GCC_PREPROCESSOR_DEFINITIONS = (
					"DEBUG=1",
					"$(inherited)",
				);
				GCC_WARN_64_TO_32_BIT_CONVERSION = YES;
				GCC_WARN_ABOUT_RETURN_TYPE = YES_ERROR;
				GCC_WARN_UNDECLARED_SELECTOR = YES;
				GCC_WARN_UNINITIALIZED_AUTOS = YES_AGGRESSIVE;
				GCC_WARN_UNUSED_FUNCTION = YES;
				GCC_WARN_UNUSED_VARIABLE = YES;
				IPHONEOS_DEPLOYMENT_TARGET = 15.2;
				MTL_ENABLE_DEBUG_INFO = INCLUDE_SOURCE;
				MTL_FAST_MATH = YES;
				ONLY_ACTIVE_ARCH = YES;
				SDKROOT = iphoneos;
				SWIFT_ACTIVE_COMPILATION_CONDITIONS = DEBUG;
				SWIFT_OPTIMIZATION_LEVEL = "-Onone";
			};
			name = Debug;
		};
		ED047CE72CD56B82002EB596 /* Release */ = {
			isa = XCBuildConfiguration;
			buildSettings = {
				ALWAYS_SEARCH_USER_PATHS = NO;
				CLANG_ANALYZER_NONNULL = YES;
				CLANG_ANALYZER_NUMBER_OBJECT_CONVERSION = YES_AGGRESSIVE;
				CLANG_CXX_LANGUAGE_STANDARD = "gnu++17";
				CLANG_CXX_LIBRARY = "libc++";
				CLANG_ENABLE_MODULES = YES;
				CLANG_ENABLE_OBJC_ARC = YES;
				CLANG_ENABLE_OBJC_WEAK = YES;
				CLANG_WARN_BLOCK_CAPTURE_AUTORELEASING = YES;
				CLANG_WARN_BOOL_CONVERSION = YES;
				CLANG_WARN_COMMA = YES;
				CLANG_WARN_CONSTANT_CONVERSION = YES;
				CLANG_WARN_DEPRECATED_OBJC_IMPLEMENTATIONS = YES;
				CLANG_WARN_DIRECT_OBJC_ISA_USAGE = YES_ERROR;
				CLANG_WARN_DOCUMENTATION_COMMENTS = YES;
				CLANG_WARN_EMPTY_BODY = YES;
				CLANG_WARN_ENUM_CONVERSION = YES;
				CLANG_WARN_INFINITE_RECURSION = YES;
				CLANG_WARN_INT_CONVERSION = YES;
				CLANG_WARN_NON_LITERAL_NULL_CONVERSION = YES;
				CLANG_WARN_OBJC_IMPLICIT_RETAIN_SELF = YES;
				CLANG_WARN_OBJC_LITERAL_CONVERSION = YES;
				CLANG_WARN_OBJC_ROOT_CLASS = YES_ERROR;
				CLANG_WARN_QUOTED_INCLUDE_IN_FRAMEWORK_HEADER = YES;
				CLANG_WARN_RANGE_LOOP_ANALYSIS = YES;
				CLANG_WARN_STRICT_PROTOTYPES = YES;
				CLANG_WARN_SUSPICIOUS_MOVE = YES;
				CLANG_WARN_UNGUARDED_AVAILABILITY = YES_AGGRESSIVE;
				CLANG_WARN_UNREACHABLE_CODE = YES;
				CLANG_WARN__DUPLICATE_METHOD_MATCH = YES;
				COPY_PHASE_STRIP = NO;
				DEBUG_INFORMATION_FORMAT = "dwarf-with-dsym";
				ENABLE_NS_ASSERTIONS = NO;
				ENABLE_STRICT_OBJC_MSGSEND = YES;
				GCC_C_LANGUAGE_STANDARD = gnu11;
				GCC_NO_COMMON_BLOCKS = YES;
				GCC_WARN_64_TO_32_BIT_CONVERSION = YES;
				GCC_WARN_ABOUT_RETURN_TYPE = YES_ERROR;
				GCC_WARN_UNDECLARED_SELECTOR = YES;
				GCC_WARN_UNINITIALIZED_AUTOS = YES_AGGRESSIVE;
				GCC_WARN_UNUSED_FUNCTION = YES;
				GCC_WARN_UNUSED_VARIABLE = YES;
				IPHONEOS_DEPLOYMENT_TARGET = 15.2;
				MTL_ENABLE_DEBUG_INFO = NO;
				MTL_FAST_MATH = YES;
				SDKROOT = iphoneos;
				SWIFT_COMPILATION_MODE = wholemodule;
				SWIFT_OPTIMIZATION_LEVEL = "-O";
				VALIDATE_PRODUCT = YES;
			};
			name = Release;
		};
		ED047CE92CD56B82002EB596 /* Debug */ = {
			isa = XCBuildConfiguration;
			buildSettings = {
				ASSETCATALOG_COMPILER_APPICON_NAME = AppIcon;
				ASSETCATALOG_COMPILER_GLOBAL_ACCENT_COLOR_NAME = AccentColor;
				CODE_SIGN_STYLE = Automatic;
				CURRENT_PROJECT_VERSION = 1;
				DEVELOPMENT_TEAM = M87UBPTH5F;
				GENERATE_INFOPLIST_FILE = YES;
				INFOPLIST_FILE = DesignSystem/Info.plist;
				INFOPLIST_KEY_UIApplicationSupportsIndirectInputEvents = YES;
				INFOPLIST_KEY_UILaunchStoryboardName = LaunchScreen;
				INFOPLIST_KEY_UIMainStoryboardFile = Main;
				INFOPLIST_KEY_UISupportedInterfaceOrientations_iPad = "UIInterfaceOrientationPortrait UIInterfaceOrientationPortraitUpsideDown UIInterfaceOrientationLandscapeLeft UIInterfaceOrientationLandscapeRight";
				INFOPLIST_KEY_UISupportedInterfaceOrientations_iPhone = "UIInterfaceOrientationPortrait UIInterfaceOrientationLandscapeLeft UIInterfaceOrientationLandscapeRight";
				LD_RUNPATH_SEARCH_PATHS = (
					"$(inherited)",
					"@executable_path/Frameworks",
				);
				MARKETING_VERSION = 1.0;
				PRODUCT_BUNDLE_IDENTIFIER = app.DesignSystem;
				PRODUCT_NAME = "$(TARGET_NAME)";
				SWIFT_EMIT_LOC_STRINGS = YES;
				SWIFT_VERSION = 5.0;
				TARGETED_DEVICE_FAMILY = "1,2";
			};
			name = Debug;
		};
		ED047CEA2CD56B82002EB596 /* Release */ = {
			isa = XCBuildConfiguration;
			buildSettings = {
				ASSETCATALOG_COMPILER_APPICON_NAME = AppIcon;
				ASSETCATALOG_COMPILER_GLOBAL_ACCENT_COLOR_NAME = AccentColor;
				CODE_SIGN_STYLE = Automatic;
				CURRENT_PROJECT_VERSION = 1;
				DEVELOPMENT_TEAM = M87UBPTH5F;
				GENERATE_INFOPLIST_FILE = YES;
				INFOPLIST_FILE = DesignSystem/Info.plist;
				INFOPLIST_KEY_UIApplicationSupportsIndirectInputEvents = YES;
				INFOPLIST_KEY_UILaunchStoryboardName = LaunchScreen;
				INFOPLIST_KEY_UIMainStoryboardFile = Main;
				INFOPLIST_KEY_UISupportedInterfaceOrientations_iPad = "UIInterfaceOrientationPortrait UIInterfaceOrientationPortraitUpsideDown UIInterfaceOrientationLandscapeLeft UIInterfaceOrientationLandscapeRight";
				INFOPLIST_KEY_UISupportedInterfaceOrientations_iPhone = "UIInterfaceOrientationPortrait UIInterfaceOrientationLandscapeLeft UIInterfaceOrientationLandscapeRight";
				LD_RUNPATH_SEARCH_PATHS = (
					"$(inherited)",
					"@executable_path/Frameworks",
				);
				MARKETING_VERSION = 1.0;
				PRODUCT_BUNDLE_IDENTIFIER = app.DesignSystem;
				PRODUCT_NAME = "$(TARGET_NAME)";
				SWIFT_EMIT_LOC_STRINGS = YES;
				SWIFT_VERSION = 5.0;
				TARGETED_DEVICE_FAMILY = "1,2";
			};
			name = Release;
		};
		ED047CEC2CD56B82002EB596 /* Debug */ = {
			isa = XCBuildConfiguration;
			buildSettings = {
				ALWAYS_EMBED_SWIFT_STANDARD_LIBRARIES = YES;
				BUNDLE_LOADER = "$(TEST_HOST)";
				CODE_SIGN_STYLE = Automatic;
				CURRENT_PROJECT_VERSION = 1;
				DEVELOPMENT_TEAM = M87UBPTH5F;
				GENERATE_INFOPLIST_FILE = YES;
				IPHONEOS_DEPLOYMENT_TARGET = 15.2;
				MARKETING_VERSION = 1.0;
				PRODUCT_BUNDLE_IDENTIFIER = app.DesignSystemTests;
				PRODUCT_NAME = "$(TARGET_NAME)";
				SWIFT_EMIT_LOC_STRINGS = NO;
				SWIFT_VERSION = 5.0;
				TARGETED_DEVICE_FAMILY = "1,2";
				TEST_HOST = "$(BUILT_PRODUCTS_DIR)/DesignSystem.app/DesignSystem";
			};
			name = Debug;
		};
		ED047CED2CD56B82002EB596 /* Release */ = {
			isa = XCBuildConfiguration;
			buildSettings = {
				ALWAYS_EMBED_SWIFT_STANDARD_LIBRARIES = YES;
				BUNDLE_LOADER = "$(TEST_HOST)";
				CODE_SIGN_STYLE = Automatic;
				CURRENT_PROJECT_VERSION = 1;
				DEVELOPMENT_TEAM = M87UBPTH5F;
				GENERATE_INFOPLIST_FILE = YES;
				IPHONEOS_DEPLOYMENT_TARGET = 15.2;
				MARKETING_VERSION = 1.0;
				PRODUCT_BUNDLE_IDENTIFIER = app.DesignSystemTests;
				PRODUCT_NAME = "$(TARGET_NAME)";
				SWIFT_EMIT_LOC_STRINGS = NO;
				SWIFT_VERSION = 5.0;
				TARGETED_DEVICE_FAMILY = "1,2";
				TEST_HOST = "$(BUILT_PRODUCTS_DIR)/DesignSystem.app/DesignSystem";
			};
			name = Release;
		};
		ED047CEF2CD56B82002EB596 /* Debug */ = {
			isa = XCBuildConfiguration;
			buildSettings = {
				ALWAYS_EMBED_SWIFT_STANDARD_LIBRARIES = YES;
				CODE_SIGN_STYLE = Automatic;
				CURRENT_PROJECT_VERSION = 1;
				DEVELOPMENT_TEAM = M87UBPTH5F;
				GENERATE_INFOPLIST_FILE = YES;
				MARKETING_VERSION = 1.0;
				PRODUCT_BUNDLE_IDENTIFIER = app.DesignSystemUITests;
				PRODUCT_NAME = "$(TARGET_NAME)";
				SWIFT_EMIT_LOC_STRINGS = NO;
				SWIFT_VERSION = 5.0;
				TARGETED_DEVICE_FAMILY = "1,2";
				TEST_TARGET_NAME = DesignSystem;
			};
			name = Debug;
		};
		ED047CF02CD56B82002EB596 /* Release */ = {
			isa = XCBuildConfiguration;
			buildSettings = {
				ALWAYS_EMBED_SWIFT_STANDARD_LIBRARIES = YES;
				CODE_SIGN_STYLE = Automatic;
				CURRENT_PROJECT_VERSION = 1;
				DEVELOPMENT_TEAM = M87UBPTH5F;
				GENERATE_INFOPLIST_FILE = YES;
				MARKETING_VERSION = 1.0;
				PRODUCT_BUNDLE_IDENTIFIER = app.DesignSystemUITests;
				PRODUCT_NAME = "$(TARGET_NAME)";
				SWIFT_EMIT_LOC_STRINGS = NO;
				SWIFT_VERSION = 5.0;
				TARGETED_DEVICE_FAMILY = "1,2";
				TEST_TARGET_NAME = DesignSystem;
			};
			name = Release;
		};
/* End XCBuildConfiguration section */

/* Begin XCConfigurationList section */
		ED047CB92CD56B7F002EB596 /* Build configuration list for PBXProject "DesignSystem" */ = {
			isa = XCConfigurationList;
			buildConfigurations = (
				ED047CE62CD56B82002EB596 /* Debug */,
				ED047CE72CD56B82002EB596 /* Release */,
			);
			defaultConfigurationIsVisible = 0;
			defaultConfigurationName = Release;
		};
		ED047CE82CD56B82002EB596 /* Build configuration list for PBXNativeTarget "DesignSystem" */ = {
			isa = XCConfigurationList;
			buildConfigurations = (
				ED047CE92CD56B82002EB596 /* Debug */,
				ED047CEA2CD56B82002EB596 /* Release */,
			);
			defaultConfigurationIsVisible = 0;
			defaultConfigurationName = Release;
		};
		ED047CEB2CD56B82002EB596 /* Build configuration list for PBXNativeTarget "DesignSystemTests" */ = {
			isa = XCConfigurationList;
			buildConfigurations = (
				ED047CEC2CD56B82002EB596 /* Debug */,
				ED047CED2CD56B82002EB596 /* Release */,
			);
			defaultConfigurationIsVisible = 0;
			defaultConfigurationName = Release;
		};
		ED047CEE2CD56B82002EB596 /* Build configuration list for PBXNativeTarget "DesignSystemUITests" */ = {
			isa = XCConfigurationList;
			buildConfigurations = (
				ED047CEF2CD56B82002EB596 /* Debug */,
				ED047CF02CD56B82002EB596 /* Release */,
			);
			defaultConfigurationIsVisible = 0;
			defaultConfigurationName = Release;
		};
/* End XCConfigurationList section */
	};
	rootObject = ED047CB62CD56B7F002EB596 /* Project object */;
}
